
Microsoft Visual Studio Solution File, Format Version 12.00
# Visual Studio Version 16
VisualStudioVersion = 16.0.30204.135
MinimumVisualStudioVersion = 10.0.40219.1
Project("{FAE04EC0-301F-11D3-BF4B-00C04F79EFBC}") = "guna", "guna\guna.csproj", "{CC38A609-AEAE-477C-B3D8-DC35C495CD64}"
EndProject
Global
	GlobalSection(SolutionConfigurationPlatforms) = preSolution
		Debug|Any CPU = Debug|Any CPU
		Release|Any CPU = Release|Any CPU
	EndGlobalSection
	GlobalSection(ProjectConfigurationPlatforms) = postSolution
		{CC38A609-AEAE-477C-B3D8-DC35C495CD64}.Debug|Any CPU.ActiveCfg = Debug|Any CPU
		{CC38A609-AEAE-477C-B3D8-DC35C495CD64}.Debug|Any CPU.Build.0 = Debug|Any CPU
		{CC38A609-AEAE-477C-B3D8-DC35C495CD64}.Release|Any CPU.ActiveCfg = Release|Any CPU
		{CC38A609-AEAE-477C-B3D8-DC35C495CD64}.Release|Any CPU.Build.0 = Release|Any CPU
	EndGlobalSection
	GlobalSection(SolutionProperties) = preSolution
		HideSolutionNode = FALSE
	EndGlobalSection
	GlobalSection(ExtensibilityGlobals) = postSolution
		SolutionGuid = {EA44F7E4-AADC-4311-9103-66200A1D7137}
	EndGlobalSection
EndGlobal
